
Microsoft Visual Studio Solution File, Format Version 12.00
# Visual Studio 14
VisualStudioVersion = 14.0.23107.0
MinimumVisualStudioVersion = 10.0.40219.1
Project("{FAE04EC0-301F-11D3-BF4B-00C04F79EFBC}") = "GPF.Web", "GPF.Web\GPF.Web.csproj", "{3292C577-E450-4CCD-8A41-940AED926A0B}"
EndProject
Project("{FAE04EC0-301F-11D3-BF4B-00C04F79EFBC}") = "GPF.Domain", "GPF.Domain\GPF.Domain.csproj", "{1EDA1EE2-CCDF-4795-BA15-182326DBDE64}"
EndProject
Global
	GlobalSection(SolutionConfigurationPlatforms) = preSolution
		Debug|Any CPU = Debug|Any CPU
		Release|Any CPU = Release|Any CPU
	EndGlobalSection
	GlobalSection(ProjectConfigurationPlatforms) = postSolution
		{3292C577-E450-4CCD-8A41-940AED926A0B}.Debug|Any CPU.ActiveCfg = Debug|Any CPU
		{3292C577-E450-4CCD-8A41-940AED926A0B}.Debug|Any CPU.Build.0 = Debug|Any CPU
		{3292C577-E450-4CCD-8A41-940AED926A0B}.Release|Any CPU.ActiveCfg = Release|Any CPU
		{3292C577-E450-4CCD-8A41-940AED926A0B}.Release|Any CPU.Build.0 = Release|Any CPU
		{1EDA1EE2-CCDF-4795-BA15-182326DBDE64}.Debug|Any CPU.ActiveCfg = Debug|Any CPU
		{1EDA1EE2-CCDF-4795-BA15-182326DBDE64}.Debug|Any CPU.Build.0 = Debug|Any CPU
		{1EDA1EE2-CCDF-4795-BA15-182326DBDE64}.Release|Any CPU.ActiveCfg = Release|Any CPU
		{1EDA1EE2-CCDF-4795-BA15-182326DBDE64}.Release|Any CPU.Build.0 = Release|Any CPU
	EndGlobalSection
	GlobalSection(SolutionProperties) = preSolution
		HideSolutionNode = FALSE
	EndGlobalSection
EndGlobal
